// !$*UTF8*$!
{
	archiveVersion = 1;
	classes = {
	};
	objectVersion = 51;
	objects = {

/* Begin PBXBuildFile section */
		30146305265A778B00D572D9 /* ClientTabBarController.swift in Sources */ = {isa = PBXBuildFile; fileRef = 30146303265A778B00D572D9 /* ClientTabBarController.swift */; };
		30146308265A77B900D572D9 /* ClientWorkflow.storyboard in Resources */ = {isa = PBXBuildFile; fileRef = 30146307265A77B900D572D9 /* ClientWorkflow.storyboard */; };
		3014630D265A802B00D572D9 /* ClientProfileViewController.swift in Sources */ = {isa = PBXBuildFile; fileRef = 3014630C265A802B00D572D9 /* ClientProfileViewController.swift */; };
		3014630F265A85BD00D572D9 /* ClientCurrentOrderViewController.swift in Sources */ = {isa = PBXBuildFile; fileRef = 3014630E265A85BD00D572D9 /* ClientCurrentOrderViewController.swift */; };
		30146311265A85C700D572D9 /* ClientOrderHistoryViewController.swift in Sources */ = {isa = PBXBuildFile; fileRef = 30146310265A85C700D572D9 /* ClientOrderHistoryViewController.swift */; };
		30146315265A977100D572D9 /* CurrentOrderPositionTableViewCell.swift in Sources */ = {isa = PBXBuildFile; fileRef = 30146313265A977100D572D9 /* CurrentOrderPositionTableViewCell.swift */; };
		30146316265A977100D572D9 /* CurrentOrderPositionTableViewCell.xib in Resources */ = {isa = PBXBuildFile; fileRef = 30146314265A977100D572D9 /* CurrentOrderPositionTableViewCell.xib */; };
		30146318265A9E0C00D572D9 /* UITableView+Extensions.swift in Sources */ = {isa = PBXBuildFile; fileRef = 30146317265A9E0C00D572D9 /* UITableView+Extensions.swift */; };
		3014631A265A9E2400D572D9 /* UITableViewCell+Extensions.swift in Sources */ = {isa = PBXBuildFile; fileRef = 30146319265A9E2400D572D9 /* UITableViewCell+Extensions.swift */; };
		3014631C265AC03500D572D9 /* TableTarget.swift in Sources */ = {isa = PBXBuildFile; fileRef = 3014631B265AC03500D572D9 /* TableTarget.swift */; };
		3014631E265AC0B400D572D9 /* QRCodeScannerPresenter.swift in Sources */ = {isa = PBXBuildFile; fileRef = 3014631D265AC0B400D572D9 /* QRCodeScannerPresenter.swift */; };
		30146320265AC0C800D572D9 /* QRCodeScannerModule.swift in Sources */ = {isa = PBXBuildFile; fileRef = 3014631F265AC0C800D572D9 /* QRCodeScannerModule.swift */; };
		30146322265AD34700D572D9 /* OrderResponse.swift in Sources */ = {isa = PBXBuildFile; fileRef = 30146321265AD34700D572D9 /* OrderResponse.swift */; };
		30146324265AD5A900D572D9 /* OrderTarget.swift in Sources */ = {isa = PBXBuildFile; fileRef = 30146323265AD5A900D572D9 /* OrderTarget.swift */; };
		30146326265AD63000D572D9 /* ClientCurrentOrderModule.swift in Sources */ = {isa = PBXBuildFile; fileRef = 30146325265AD63000D572D9 /* ClientCurrentOrderModule.swift */; };
		30146328265AD65500D572D9 /* ClientCurrentOrderPresenterDefault.swift in Sources */ = {isa = PBXBuildFile; fileRef = 30146327265AD65500D572D9 /* ClientCurrentOrderPresenterDefault.swift */; };
		3014632B265B091F00D572D9 /* WaiterWorkflow.storyboard in Resources */ = {isa = PBXBuildFile; fileRef = 3014632A265B091F00D572D9 /* WaiterWorkflow.storyboard */; };
		3014632D265B124B00D572D9 /* EmployeeTarget.swift in Sources */ = {isa = PBXBuildFile; fileRef = 3014632C265B124B00D572D9 /* EmployeeTarget.swift */; };
		3014632F265B169300D572D9 /* UITabBarController+Extensions.swift in Sources */ = {isa = PBXBuildFile; fileRef = 3014632E265B169300D572D9 /* UITabBarController+Extensions.swift */; };
		30146331265B16F100D572D9 /* WaiterTabBarController.swift in Sources */ = {isa = PBXBuildFile; fileRef = 30146330265B16F100D572D9 /* WaiterTabBarController.swift */; };
		30146333265B17F100D572D9 /* UserDefaultsHelper.swift in Sources */ = {isa = PBXBuildFile; fileRef = 30146332265B17F100D572D9 /* UserDefaultsHelper.swift */; };
		30146338265BB64A00D572D9 /* WaiterProfileViewController.swift in Sources */ = {isa = PBXBuildFile; fileRef = 30146337265BB64A00D572D9 /* WaiterProfileViewController.swift */; };
		3014633A265BB65500D572D9 /* WaiterFreeOrdersViewController.swift in Sources */ = {isa = PBXBuildFile; fileRef = 30146339265BB65500D572D9 /* WaiterFreeOrdersViewController.swift */; };
		3014633C265BB65D00D572D9 /* WaiterMyOrdersViewController.swift in Sources */ = {isa = PBXBuildFile; fileRef = 3014633B265BB65D00D572D9 /* WaiterMyOrdersViewController.swift */; };
		3014633E265BE90900D572D9 /* WaiterFreeOrdersModule.swift in Sources */ = {isa = PBXBuildFile; fileRef = 3014633D265BE90900D572D9 /* WaiterFreeOrdersModule.swift */; };
		30146340265BE91500D572D9 /* WaiterFreeOrdersPresenterDefault.swift in Sources */ = {isa = PBXBuildFile; fileRef = 3014633F265BE91500D572D9 /* WaiterFreeOrdersPresenterDefault.swift */; };
		30146344265BF09F00D572D9 /* FreeOrdersTableViewCell.swift in Sources */ = {isa = PBXBuildFile; fileRef = 30146342265BF09F00D572D9 /* FreeOrdersTableViewCell.swift */; };
		30146345265BF09F00D572D9 /* FreeOrdersTableViewCell.xib in Resources */ = {isa = PBXBuildFile; fileRef = 30146343265BF09F00D572D9 /* FreeOrdersTableViewCell.xib */; };
		30146347265BF32100D572D9 /* DateFormatterHelper.swift in Sources */ = {isa = PBXBuildFile; fileRef = 30146346265BF32100D572D9 /* DateFormatterHelper.swift */; };
		30146349265BFD3C00D572D9 /* WaiterMyOrdersModule.swift in Sources */ = {isa = PBXBuildFile; fileRef = 30146348265BFD3C00D572D9 /* WaiterMyOrdersModule.swift */; };
		3014634B265BFD9000D572D9 /* WaiterMyOrdersPresenterDefault.swift in Sources */ = {isa = PBXBuildFile; fileRef = 3014634A265BFD9000D572D9 /* WaiterMyOrdersPresenterDefault.swift */; };
		3014634F265C02B700D572D9 /* MyOrdersTableViewCell.swift in Sources */ = {isa = PBXBuildFile; fileRef = 3014634D265C02B700D572D9 /* MyOrdersTableViewCell.swift */; };
		30146350265C02B700D572D9 /* MyOrdersTableViewCell.xib in Resources */ = {isa = PBXBuildFile; fileRef = 3014634E265C02B700D572D9 /* MyOrdersTableViewCell.xib */; };
		30146353265C04B700D572D9 /* OrderDetailViewController.swift in Sources */ = {isa = PBXBuildFile; fileRef = 30146352265C04B700D572D9 /* OrderDetailViewController.swift */; };
		30146355265C0D8B00D572D9 /* OrderDetailModule.swift in Sources */ = {isa = PBXBuildFile; fileRef = 30146354265C0D8B00D572D9 /* OrderDetailModule.swift */; };
		30146357265C0DF900D572D9 /* OrderDetailPresenterDefault.swift in Sources */ = {isa = PBXBuildFile; fileRef = 30146356265C0DF900D572D9 /* OrderDetailPresenterDefault.swift */; };
		3014635B265C111700D572D9 /* OrderDetailPositionTableViewCell.swift in Sources */ = {isa = PBXBuildFile; fileRef = 30146359265C111700D572D9 /* OrderDetailPositionTableViewCell.swift */; };
		3014635C265C111700D572D9 /* OrderDetailPositionTableViewCell.xib in Resources */ = {isa = PBXBuildFile; fileRef = 3014635A265C111700D572D9 /* OrderDetailPositionTableViewCell.xib */; };
		3014635E265C149200D572D9 /* PositionTarget.swift in Sources */ = {isa = PBXBuildFile; fileRef = 3014635D265C149200D572D9 /* PositionTarget.swift */; };
		30146362265C1BA000D572D9 /* MenuViewController.swift in Sources */ = {isa = PBXBuildFile; fileRef = 30146361265C1BA000D572D9 /* MenuViewController.swift */; };
		30146364265C1BA900D572D9 /* MenuModule.swift in Sources */ = {isa = PBXBuildFile; fileRef = 30146363265C1BA900D572D9 /* MenuModule.swift */; };
		30146366265C1D3700D572D9 /* MenuPresenterDefault.swift in Sources */ = {isa = PBXBuildFile; fileRef = 30146365265C1D3700D572D9 /* MenuPresenterDefault.swift */; };
		3014636A265C222100D572D9 /* MenuTableViewCell.swift in Sources */ = {isa = PBXBuildFile; fileRef = 30146368265C222100D572D9 /* MenuTableViewCell.swift */; };
		3014636B265C222100D572D9 /* MenuTableViewCell.xib in Resources */ = {isa = PBXBuildFile; fileRef = 30146369265C222100D572D9 /* MenuTableViewCell.xib */; };
		3014636D265C29ED00D572D9 /* MenuTarget.swift in Sources */ = {isa = PBXBuildFile; fileRef = 3014636C265C29ED00D572D9 /* MenuTarget.swift */; };
		3014636F265C2AAB00D572D9 /* DishTarget.swift in Sources */ = {isa = PBXBuildFile; fileRef = 3014636E265C2AAB00D572D9 /* DishTarget.swift */; };
		30146372265C4AF200D572D9 /* CookerWorkflow.storyboard in Resources */ = {isa = PBXBuildFile; fileRef = 30146371265C4AF200D572D9 /* CookerWorkflow.storyboard */; };
		30146374265C4B1A00D572D9 /* CookerTabBarController.swift in Sources */ = {isa = PBXBuildFile; fileRef = 30146373265C4B1A00D572D9 /* CookerTabBarController.swift */; };
		3014637A265C4BC900D572D9 /* CookerProfileViewController.swift in Sources */ = {isa = PBXBuildFile; fileRef = 30146379265C4BC900D572D9 /* CookerProfileViewController.swift */; };
		3014637C265C4BD500D572D9 /* CookerFreePositionsViewController.swift in Sources */ = {isa = PBXBuildFile; fileRef = 3014637B265C4BD500D572D9 /* CookerFreePositionsViewController.swift */; };
		3014637E265C4BDF00D572D9 /* CookerMyPositionsViewController.swift in Sources */ = {isa = PBXBuildFile; fileRef = 3014637D265C4BDF00D572D9 /* CookerMyPositionsViewController.swift */; };
		30146380265C4F1E00D572D9 /* CookerFreePositionsModule.swift in Sources */ = {isa = PBXBuildFile; fileRef = 3014637F265C4F1E00D572D9 /* CookerFreePositionsModule.swift */; };
		30146382265C4FAB00D572D9 /* CookerFreePositionsPresenterDefault.swift in Sources */ = {isa = PBXBuildFile; fileRef = 30146381265C4FAB00D572D9 /* CookerFreePositionsPresenterDefault.swift */; };
		30146385265C50EA00D572D9 /* FreePositionsTableViewCell.swift in Sources */ = {isa = PBXBuildFile; fileRef = 30146383265C50EA00D572D9 /* FreePositionsTableViewCell.swift */; };
		30146386265C50EA00D572D9 /* FreePositionsTableViewCell.xib in Resources */ = {isa = PBXBuildFile; fileRef = 30146384265C50EA00D572D9 /* FreePositionsTableViewCell.xib */; };
		30146389265C5A3900D572D9 /* CookerMyPositionsModule.swift in Sources */ = {isa = PBXBuildFile; fileRef = 30146388265C5A3900D572D9 /* CookerMyPositionsModule.swift */; };
		3014638B265C5AAE00D572D9 /* CookerMyPositionsPresenterDefault.swift in Sources */ = {isa = PBXBuildFile; fileRef = 3014638A265C5AAE00D572D9 /* CookerMyPositionsPresenterDefault.swift */; };
		3014638F265C5D6300D572D9 /* MyPositionsTableViewCell.swift in Sources */ = {isa = PBXBuildFile; fileRef = 3014638D265C5D6300D572D9 /* MyPositionsTableViewCell.swift */; };
		30146390265C5D6300D572D9 /* MyPositionsTableViewCell.xib in Resources */ = {isa = PBXBuildFile; fileRef = 3014638E265C5D6300D572D9 /* MyPositionsTableViewCell.xib */; };
		304F1EA125E1B5C800A86F04 /* AppDelegate.swift in Sources */ = {isa = PBXBuildFile; fileRef = 304F1EA025E1B5C800A86F04 /* AppDelegate.swift */; };
		304F1EA325E1B5C800A86F04 /* SceneDelegate.swift in Sources */ = {isa = PBXBuildFile; fileRef = 304F1EA225E1B5C800A86F04 /* SceneDelegate.swift */; };
		304F1EA525E1B5C800A86F04 /* MainMenuViewController.swift in Sources */ = {isa = PBXBuildFile; fileRef = 304F1EA425E1B5C800A86F04 /* MainMenuViewController.swift */; };
		304F1EA825E1B5C800A86F04 /* Main.storyboard in Resources */ = {isa = PBXBuildFile; fileRef = 304F1EA625E1B5C800A86F04 /* Main.storyboard */; };
		304F1EAA25E1B5CC00A86F04 /* Assets.xcassets in Resources */ = {isa = PBXBuildFile; fileRef = 304F1EA925E1B5CC00A86F04 /* Assets.xcassets */; };
		304F1EAD25E1B5CC00A86F04 /* LaunchScreen.storyboard in Resources */ = {isa = PBXBuildFile; fileRef = 304F1EAB25E1B5CC00A86F04 /* LaunchScreen.storyboard */; };
		308010552649531300373E33 /* QRScannerView.swift in Sources */ = {isa = PBXBuildFile; fileRef = 308010542649531300373E33 /* QRScannerView.swift */; };
		30801057264955C500373E33 /* QRData.swift in Sources */ = {isa = PBXBuildFile; fileRef = 30801056264955C500373E33 /* QRData.swift */; };
		3080105926495A3800373E33 /* UIApplication+Extensions.swift in Sources */ = {isa = PBXBuildFile; fileRef = 3080105826495A3800373E33 /* UIApplication+Extensions.swift */; };
		3080105B26495FAF00373E33 /* AuthorizationModule.swift in Sources */ = {isa = PBXBuildFile; fileRef = 3080105A26495FAF00373E33 /* AuthorizationModule.swift */; };
		3080105D26495FEB00373E33 /* AuthorizationPresenterDefault.swift in Sources */ = {isa = PBXBuildFile; fileRef = 3080105C26495FEB00373E33 /* AuthorizationPresenterDefault.swift */; };
		308010602649653500373E33 /* AuthorizationTarget.swift in Sources */ = {isa = PBXBuildFile; fileRef = 3080105F2649653500373E33 /* AuthorizationTarget.swift */; };
		3080106326496EA700373E33 /* AuthorizationResponse.swift in Sources */ = {isa = PBXBuildFile; fileRef = 3080106226496EA700373E33 /* AuthorizationResponse.swift */; };
		308010652649744700373E33 /* BaseViewController.swift in Sources */ = {isa = PBXBuildFile; fileRef = 308010642649744700373E33 /* BaseViewController.swift */; };
		30F8D79E264880550072F908 /* RedHatDisplay-Medium.ttf in Resources */ = {isa = PBXBuildFile; fileRef = 30F8D796264880540072F908 /* RedHatDisplay-Medium.ttf */; };
		30F8D79F264880550072F908 /* RedHatDisplay-BoldItalic.ttf in Resources */ = {isa = PBXBuildFile; fileRef = 30F8D797264880540072F908 /* RedHatDisplay-BoldItalic.ttf */; };
		30F8D7A0264880550072F908 /* RedHatDisplay-MediumItalic.ttf in Resources */ = {isa = PBXBuildFile; fileRef = 30F8D798264880540072F908 /* RedHatDisplay-MediumItalic.ttf */; };
		30F8D7A1264880550072F908 /* RedHatDisplay-Bold.ttf in Resources */ = {isa = PBXBuildFile; fileRef = 30F8D799264880540072F908 /* RedHatDisplay-Bold.ttf */; };
		30F8D7A2264880550072F908 /* RedHatDisplay-Black.ttf in Resources */ = {isa = PBXBuildFile; fileRef = 30F8D79A264880540072F908 /* RedHatDisplay-Black.ttf */; };
		30F8D7A3264880550072F908 /* RedHatDisplay-BlackItalic.ttf in Resources */ = {isa = PBXBuildFile; fileRef = 30F8D79B264880550072F908 /* RedHatDisplay-BlackItalic.ttf */; };
		30F8D7A4264880550072F908 /* RedHatDisplay-Regular.ttf in Resources */ = {isa = PBXBuildFile; fileRef = 30F8D79C264880550072F908 /* RedHatDisplay-Regular.ttf */; };
		30F8D7A5264880550072F908 /* RedHatDisplay-Italic.ttf in Resources */ = {isa = PBXBuildFile; fileRef = 30F8D79D264880550072F908 /* RedHatDisplay-Italic.ttf */; };
		30F8D7A7264887250072F908 /* AuthorizationViewController.swift in Sources */ = {isa = PBXBuildFile; fileRef = 30F8D7A6264887250072F908 /* AuthorizationViewController.swift */; };
		30F8D7AB264888E40072F908 /* Colors.xcassets in Resources */ = {isa = PBXBuildFile; fileRef = 30F8D7AA264888E40072F908 /* Colors.xcassets */; };
		30F8D7AD26488A580072F908 /* UIViewController+Extensions.swift in Sources */ = {isa = PBXBuildFile; fileRef = 30F8D7AC26488A580072F908 /* UIViewController+Extensions.swift */; };
		30F8D7B126489D250072F908 /* GlobalConstants.swift in Sources */ = {isa = PBXBuildFile; fileRef = 30F8D7B026489D250072F908 /* GlobalConstants.swift */; };
		30F8D7B426489E4F0072F908 /* QRCodeScannerViewController.swift in Sources */ = {isa = PBXBuildFile; fileRef = 30F8D7B326489E4F0072F908 /* QRCodeScannerViewController.swift */; };
		58372AF442C17ADF42A1BB34 /* Pods_RESTaurant.framework in Frameworks */ = {isa = PBXBuildFile; fileRef = 3BC64BDFF38A0AC58EE999CC /* Pods_RESTaurant.framework */; };
/* End PBXBuildFile section */

/* Begin PBXFileReference section */
		30146303265A778B00D572D9 /* ClientTabBarController.swift */ = {isa = PBXFileReference; lastKnownFileType = sourcecode.swift; path = ClientTabBarController.swift; sourceTree = "<group>"; };
		30146307265A77B900D572D9 /* ClientWorkflow.storyboard */ = {isa = PBXFileReference; lastKnownFileType = file.storyboard; path = ClientWorkflow.storyboard; sourceTree = "<group>"; };
		3014630C265A802B00D572D9 /* ClientProfileViewController.swift */ = {isa = PBXFileReference; lastKnownFileType = sourcecode.swift; path = ClientProfileViewController.swift; sourceTree = "<group>"; };
		3014630E265A85BD00D572D9 /* ClientCurrentOrderViewController.swift */ = {isa = PBXFileReference; lastKnownFileType = sourcecode.swift; path = ClientCurrentOrderViewController.swift; sourceTree = "<group>"; };
		30146310265A85C700D572D9 /* ClientOrderHistoryViewController.swift */ = {isa = PBXFileReference; lastKnownFileType = sourcecode.swift; path = ClientOrderHistoryViewController.swift; sourceTree = "<group>"; };
		30146313265A977100D572D9 /* CurrentOrderPositionTableViewCell.swift */ = {isa = PBXFileReference; lastKnownFileType = sourcecode.swift; path = CurrentOrderPositionTableViewCell.swift; sourceTree = "<group>"; };
		30146314265A977100D572D9 /* CurrentOrderPositionTableViewCell.xib */ = {isa = PBXFileReference; lastKnownFileType = file.xib; path = CurrentOrderPositionTableViewCell.xib; sourceTree = "<group>"; };
		30146317265A9E0C00D572D9 /* UITableView+Extensions.swift */ = {isa = PBXFileReference; lastKnownFileType = sourcecode.swift; path = "UITableView+Extensions.swift"; sourceTree = "<group>"; };
		30146319265A9E2400D572D9 /* UITableViewCell+Extensions.swift */ = {isa = PBXFileReference; lastKnownFileType = sourcecode.swift; path = "UITableViewCell+Extensions.swift"; sourceTree = "<group>"; };
		3014631B265AC03500D572D9 /* TableTarget.swift */ = {isa = PBXFileReference; lastKnownFileType = sourcecode.swift; path = TableTarget.swift; sourceTree = "<group>"; };
		3014631D265AC0B400D572D9 /* QRCodeScannerPresenter.swift */ = {isa = PBXFileReference; lastKnownFileType = sourcecode.swift; path = QRCodeScannerPresenter.swift; sourceTree = "<group>"; };
		3014631F265AC0C800D572D9 /* QRCodeScannerModule.swift */ = {isa = PBXFileReference; lastKnownFileType = sourcecode.swift; path = QRCodeScannerModule.swift; sourceTree = "<group>"; };
		30146321265AD34700D572D9 /* OrderResponse.swift */ = {isa = PBXFileReference; lastKnownFileType = sourcecode.swift; path = OrderResponse.swift; sourceTree = "<group>"; };
		30146323265AD5A900D572D9 /* OrderTarget.swift */ = {isa = PBXFileReference; lastKnownFileType = sourcecode.swift; path = OrderTarget.swift; sourceTree = "<group>"; };
		30146325265AD63000D572D9 /* ClientCurrentOrderModule.swift */ = {isa = PBXFileReference; lastKnownFileType = sourcecode.swift; path = ClientCurrentOrderModule.swift; sourceTree = "<group>"; };
		30146327265AD65500D572D9 /* ClientCurrentOrderPresenterDefault.swift */ = {isa = PBXFileReference; lastKnownFileType = sourcecode.swift; path = ClientCurrentOrderPresenterDefault.swift; sourceTree = "<group>"; };
		3014632A265B091F00D572D9 /* WaiterWorkflow.storyboard */ = {isa = PBXFileReference; lastKnownFileType = file.storyboard; path = WaiterWorkflow.storyboard; sourceTree = "<group>"; };
		3014632C265B124B00D572D9 /* EmployeeTarget.swift */ = {isa = PBXFileReference; lastKnownFileType = sourcecode.swift; path = EmployeeTarget.swift; sourceTree = "<group>"; };
		3014632E265B169300D572D9 /* UITabBarController+Extensions.swift */ = {isa = PBXFileReference; lastKnownFileType = sourcecode.swift; path = "UITabBarController+Extensions.swift"; sourceTree = "<group>"; };
		30146330265B16F100D572D9 /* WaiterTabBarController.swift */ = {isa = PBXFileReference; lastKnownFileType = sourcecode.swift; path = WaiterTabBarController.swift; sourceTree = "<group>"; };
		30146332265B17F100D572D9 /* UserDefaultsHelper.swift */ = {isa = PBXFileReference; lastKnownFileType = sourcecode.swift; path = UserDefaultsHelper.swift; sourceTree = "<group>"; };
		30146337265BB64A00D572D9 /* WaiterProfileViewController.swift */ = {isa = PBXFileReference; lastKnownFileType = sourcecode.swift; path = WaiterProfileViewController.swift; sourceTree = "<group>"; };
		30146339265BB65500D572D9 /* WaiterFreeOrdersViewController.swift */ = {isa = PBXFileReference; lastKnownFileType = sourcecode.swift; path = WaiterFreeOrdersViewController.swift; sourceTree = "<group>"; };
		3014633B265BB65D00D572D9 /* WaiterMyOrdersViewController.swift */ = {isa = PBXFileReference; lastKnownFileType = sourcecode.swift; path = WaiterMyOrdersViewController.swift; sourceTree = "<group>"; };
		3014633D265BE90900D572D9 /* WaiterFreeOrdersModule.swift */ = {isa = PBXFileReference; lastKnownFileType = sourcecode.swift; path = WaiterFreeOrdersModule.swift; sourceTree = "<group>"; };
		3014633F265BE91500D572D9 /* WaiterFreeOrdersPresenterDefault.swift */ = {isa = PBXFileReference; lastKnownFileType = sourcecode.swift; path = WaiterFreeOrdersPresenterDefault.swift; sourceTree = "<group>"; };
		30146342265BF09F00D572D9 /* FreeOrdersTableViewCell.swift */ = {isa = PBXFileReference; lastKnownFileType = sourcecode.swift; path = FreeOrdersTableViewCell.swift; sourceTree = "<group>"; };
		30146343265BF09F00D572D9 /* FreeOrdersTableViewCell.xib */ = {isa = PBXFileReference; lastKnownFileType = file.xib; path = FreeOrdersTableViewCell.xib; sourceTree = "<group>"; };
		30146346265BF32100D572D9 /* DateFormatterHelper.swift */ = {isa = PBXFileReference; lastKnownFileType = sourcecode.swift; path = DateFormatterHelper.swift; sourceTree = "<group>"; };
		30146348265BFD3C00D572D9 /* WaiterMyOrdersModule.swift */ = {isa = PBXFileReference; lastKnownFileType = sourcecode.swift; path = WaiterMyOrdersModule.swift; sourceTree = "<group>"; };
		3014634A265BFD9000D572D9 /* WaiterMyOrdersPresenterDefault.swift */ = {isa = PBXFileReference; lastKnownFileType = sourcecode.swift; path = WaiterMyOrdersPresenterDefault.swift; sourceTree = "<group>"; };
		3014634D265C02B700D572D9 /* MyOrdersTableViewCell.swift */ = {isa = PBXFileReference; lastKnownFileType = sourcecode.swift; path = MyOrdersTableViewCell.swift; sourceTree = "<group>"; };
		3014634E265C02B700D572D9 /* MyOrdersTableViewCell.xib */ = {isa = PBXFileReference; lastKnownFileType = file.xib; path = MyOrdersTableViewCell.xib; sourceTree = "<group>"; };
		30146352265C04B700D572D9 /* OrderDetailViewController.swift */ = {isa = PBXFileReference; lastKnownFileType = sourcecode.swift; path = OrderDetailViewController.swift; sourceTree = "<group>"; };
		30146354265C0D8B00D572D9 /* OrderDetailModule.swift */ = {isa = PBXFileReference; lastKnownFileType = sourcecode.swift; path = OrderDetailModule.swift; sourceTree = "<group>"; };
		30146356265C0DF900D572D9 /* OrderDetailPresenterDefault.swift */ = {isa = PBXFileReference; lastKnownFileType = sourcecode.swift; path = OrderDetailPresenterDefault.swift; sourceTree = "<group>"; };
		30146359265C111700D572D9 /* OrderDetailPositionTableViewCell.swift */ = {isa = PBXFileReference; lastKnownFileType = sourcecode.swift; path = OrderDetailPositionTableViewCell.swift; sourceTree = "<group>"; };
		3014635A265C111700D572D9 /* OrderDetailPositionTableViewCell.xib */ = {isa = PBXFileReference; lastKnownFileType = file.xib; path = OrderDetailPositionTableViewCell.xib; sourceTree = "<group>"; };
		3014635D265C149200D572D9 /* PositionTarget.swift */ = {isa = PBXFileReference; lastKnownFileType = sourcecode.swift; path = PositionTarget.swift; sourceTree = "<group>"; };
		30146361265C1BA000D572D9 /* MenuViewController.swift */ = {isa = PBXFileReference; lastKnownFileType = sourcecode.swift; path = MenuViewController.swift; sourceTree = "<group>"; };
		30146363265C1BA900D572D9 /* MenuModule.swift */ = {isa = PBXFileReference; lastKnownFileType = sourcecode.swift; path = MenuModule.swift; sourceTree = "<group>"; };
		30146365265C1D3700D572D9 /* MenuPresenterDefault.swift */ = {isa = PBXFileReference; lastKnownFileType = sourcecode.swift; path = MenuPresenterDefault.swift; sourceTree = "<group>"; };
		30146368265C222100D572D9 /* MenuTableViewCell.swift */ = {isa = PBXFileReference; lastKnownFileType = sourcecode.swift; path = MenuTableViewCell.swift; sourceTree = "<group>"; };
		30146369265C222100D572D9 /* MenuTableViewCell.xib */ = {isa = PBXFileReference; lastKnownFileType = file.xib; path = MenuTableViewCell.xib; sourceTree = "<group>"; };
		3014636C265C29ED00D572D9 /* MenuTarget.swift */ = {isa = PBXFileReference; lastKnownFileType = sourcecode.swift; path = MenuTarget.swift; sourceTree = "<group>"; };
		3014636E265C2AAB00D572D9 /* DishTarget.swift */ = {isa = PBXFileReference; lastKnownFileType = sourcecode.swift; path = DishTarget.swift; sourceTree = "<group>"; };
		30146371265C4AF200D572D9 /* CookerWorkflow.storyboard */ = {isa = PBXFileReference; lastKnownFileType = file.storyboard; path = CookerWorkflow.storyboard; sourceTree = "<group>"; };
		30146373265C4B1A00D572D9 /* CookerTabBarController.swift */ = {isa = PBXFileReference; lastKnownFileType = sourcecode.swift; path = CookerTabBarController.swift; sourceTree = "<group>"; };
		30146379265C4BC900D572D9 /* CookerProfileViewController.swift */ = {isa = PBXFileReference; lastKnownFileType = sourcecode.swift; path = CookerProfileViewController.swift; sourceTree = "<group>"; };
		3014637B265C4BD500D572D9 /* CookerFreePositionsViewController.swift */ = {isa = PBXFileReference; lastKnownFileType = sourcecode.swift; path = CookerFreePositionsViewController.swift; sourceTree = "<group>"; };
		3014637D265C4BDF00D572D9 /* CookerMyPositionsViewController.swift */ = {isa = PBXFileReference; lastKnownFileType = sourcecode.swift; path = CookerMyPositionsViewController.swift; sourceTree = "<group>"; };
		3014637F265C4F1E00D572D9 /* CookerFreePositionsModule.swift */ = {isa = PBXFileReference; lastKnownFileType = sourcecode.swift; path = CookerFreePositionsModule.swift; sourceTree = "<group>"; };
		30146381265C4FAB00D572D9 /* CookerFreePositionsPresenterDefault.swift */ = {isa = PBXFileReference; lastKnownFileType = sourcecode.swift; path = CookerFreePositionsPresenterDefault.swift; sourceTree = "<group>"; };
		30146383265C50EA00D572D9 /* FreePositionsTableViewCell.swift */ = {isa = PBXFileReference; lastKnownFileType = sourcecode.swift; path = FreePositionsTableViewCell.swift; sourceTree = "<group>"; };
		30146384265C50EA00D572D9 /* FreePositionsTableViewCell.xib */ = {isa = PBXFileReference; lastKnownFileType = file.xib; path = FreePositionsTableViewCell.xib; sourceTree = "<group>"; };
		30146388265C5A3900D572D9 /* CookerMyPositionsModule.swift */ = {isa = PBXFileReference; lastKnownFileType = sourcecode.swift; path = CookerMyPositionsModule.swift; sourceTree = "<group>"; };
		3014638A265C5AAE00D572D9 /* CookerMyPositionsPresenterDefault.swift */ = {isa = PBXFileReference; lastKnownFileType = sourcecode.swift; path = CookerMyPositionsPresenterDefault.swift; sourceTree = "<group>"; };
		3014638D265C5D6300D572D9 /* MyPositionsTableViewCell.swift */ = {isa = PBXFileReference; lastKnownFileType = sourcecode.swift; path = MyPositionsTableViewCell.swift; sourceTree = "<group>"; };
		3014638E265C5D6300D572D9 /* MyPositionsTableViewCell.xib */ = {isa = PBXFileReference; lastKnownFileType = file.xib; path = MyPositionsTableViewCell.xib; sourceTree = "<group>"; };
		304F1E9D25E1B5C800A86F04 /* RESTaurant.app */ = {isa = PBXFileReference; explicitFileType = wrapper.application; includeInIndex = 0; path = RESTaurant.app; sourceTree = BUILT_PRODUCTS_DIR; };
		304F1EA025E1B5C800A86F04 /* AppDelegate.swift */ = {isa = PBXFileReference; lastKnownFileType = sourcecode.swift; path = AppDelegate.swift; sourceTree = "<group>"; };
		304F1EA225E1B5C800A86F04 /* SceneDelegate.swift */ = {isa = PBXFileReference; lastKnownFileType = sourcecode.swift; path = SceneDelegate.swift; sourceTree = "<group>"; };
		304F1EA425E1B5C800A86F04 /* MainMenuViewController.swift */ = {isa = PBXFileReference; lastKnownFileType = sourcecode.swift; path = MainMenuViewController.swift; sourceTree = "<group>"; };
		304F1EA725E1B5C800A86F04 /* Base */ = {isa = PBXFileReference; lastKnownFileType = file.storyboard; name = Base; path = Base.lproj/Main.storyboard; sourceTree = "<group>"; };
		304F1EA925E1B5CC00A86F04 /* Assets.xcassets */ = {isa = PBXFileReference; lastKnownFileType = folder.assetcatalog; path = Assets.xcassets; sourceTree = "<group>"; };
		304F1EAC25E1B5CC00A86F04 /* Base */ = {isa = PBXFileReference; lastKnownFileType = file.storyboard; name = Base; path = Base.lproj/LaunchScreen.storyboard; sourceTree = "<group>"; };
		304F1EAE25E1B5CC00A86F04 /* Info.plist */ = {isa = PBXFileReference; lastKnownFileType = text.plist.xml; path = Info.plist; sourceTree = "<group>"; };
		308010542649531300373E33 /* QRScannerView.swift */ = {isa = PBXFileReference; lastKnownFileType = sourcecode.swift; path = QRScannerView.swift; sourceTree = "<group>"; };
		30801056264955C500373E33 /* QRData.swift */ = {isa = PBXFileReference; lastKnownFileType = sourcecode.swift; path = QRData.swift; sourceTree = "<group>"; };
		3080105826495A3800373E33 /* UIApplication+Extensions.swift */ = {isa = PBXFileReference; lastKnownFileType = sourcecode.swift; path = "UIApplication+Extensions.swift"; sourceTree = "<group>"; };
		3080105A26495FAF00373E33 /* AuthorizationModule.swift */ = {isa = PBXFileReference; lastKnownFileType = sourcecode.swift; path = AuthorizationModule.swift; sourceTree = "<group>"; };
		3080105C26495FEB00373E33 /* AuthorizationPresenterDefault.swift */ = {isa = PBXFileReference; lastKnownFileType = sourcecode.swift; path = AuthorizationPresenterDefault.swift; sourceTree = "<group>"; };
		3080105F2649653500373E33 /* AuthorizationTarget.swift */ = {isa = PBXFileReference; lastKnownFileType = sourcecode.swift; path = AuthorizationTarget.swift; sourceTree = "<group>"; };
		3080106226496EA700373E33 /* AuthorizationResponse.swift */ = {isa = PBXFileReference; lastKnownFileType = sourcecode.swift; path = AuthorizationResponse.swift; sourceTree = "<group>"; };
		308010642649744700373E33 /* BaseViewController.swift */ = {isa = PBXFileReference; lastKnownFileType = sourcecode.swift; path = BaseViewController.swift; sourceTree = "<group>"; };
		30F8D796264880540072F908 /* RedHatDisplay-Medium.ttf */ = {isa = PBXFileReference; lastKnownFileType = file; path = "RedHatDisplay-Medium.ttf"; sourceTree = "<group>"; };
		30F8D797264880540072F908 /* RedHatDisplay-BoldItalic.ttf */ = {isa = PBXFileReference; lastKnownFileType = file; path = "RedHatDisplay-BoldItalic.ttf"; sourceTree = "<group>"; };
		30F8D798264880540072F908 /* RedHatDisplay-MediumItalic.ttf */ = {isa = PBXFileReference; lastKnownFileType = file; path = "RedHatDisplay-MediumItalic.ttf"; sourceTree = "<group>"; };
		30F8D799264880540072F908 /* RedHatDisplay-Bold.ttf */ = {isa = PBXFileReference; lastKnownFileType = file; path = "RedHatDisplay-Bold.ttf"; sourceTree = "<group>"; };
		30F8D79A264880540072F908 /* RedHatDisplay-Black.ttf */ = {isa = PBXFileReference; lastKnownFileType = file; path = "RedHatDisplay-Black.ttf"; sourceTree = "<group>"; };
		30F8D79B264880550072F908 /* RedHatDisplay-BlackItalic.ttf */ = {isa = PBXFileReference; lastKnownFileType = file; path = "RedHatDisplay-BlackItalic.ttf"; sourceTree = "<group>"; };
		30F8D79C264880550072F908 /* RedHatDisplay-Regular.ttf */ = {isa = PBXFileReference; lastKnownFileType = file; path = "RedHatDisplay-Regular.ttf"; sourceTree = "<group>"; };
		30F8D79D264880550072F908 /* RedHatDisplay-Italic.ttf */ = {isa = PBXFileReference; lastKnownFileType = file; path = "RedHatDisplay-Italic.ttf"; sourceTree = "<group>"; };
		30F8D7A6264887250072F908 /* AuthorizationViewController.swift */ = {isa = PBXFileReference; lastKnownFileType = sourcecode.swift; path = AuthorizationViewController.swift; sourceTree = "<group>"; };
		30F8D7AA264888E40072F908 /* Colors.xcassets */ = {isa = PBXFileReference; lastKnownFileType = folder.assetcatalog; path = Colors.xcassets; sourceTree = "<group>"; };
		30F8D7AC26488A580072F908 /* UIViewController+Extensions.swift */ = {isa = PBXFileReference; lastKnownFileType = sourcecode.swift; path = "UIViewController+Extensions.swift"; sourceTree = "<group>"; };
		30F8D7B026489D250072F908 /* GlobalConstants.swift */ = {isa = PBXFileReference; lastKnownFileType = sourcecode.swift; path = GlobalConstants.swift; sourceTree = "<group>"; };
		30F8D7B326489E4F0072F908 /* QRCodeScannerViewController.swift */ = {isa = PBXFileReference; lastKnownFileType = sourcecode.swift; path = QRCodeScannerViewController.swift; sourceTree = "<group>"; };
		3BC64BDFF38A0AC58EE999CC /* Pods_RESTaurant.framework */ = {isa = PBXFileReference; explicitFileType = wrapper.framework; includeInIndex = 0; path = Pods_RESTaurant.framework; sourceTree = BUILT_PRODUCTS_DIR; };
		581F35B0E9FF3085B4A2EF54 /* Pods-RESTaurant.debug.xcconfig */ = {isa = PBXFileReference; includeInIndex = 1; lastKnownFileType = text.xcconfig; name = "Pods-RESTaurant.debug.xcconfig"; path = "Target Support Files/Pods-RESTaurant/Pods-RESTaurant.debug.xcconfig"; sourceTree = "<group>"; };
		D6B148ECC6C18E6FE8625E2F /* Pods-RESTaurant.release.xcconfig */ = {isa = PBXFileReference; includeInIndex = 1; lastKnownFileType = text.xcconfig; name = "Pods-RESTaurant.release.xcconfig"; path = "Target Support Files/Pods-RESTaurant/Pods-RESTaurant.release.xcconfig"; sourceTree = "<group>"; };
/* End PBXFileReference section */

/* Begin PBXFrameworksBuildPhase section */
		304F1E9A25E1B5C800A86F04 /* Frameworks */ = {
			isa = PBXFrameworksBuildPhase;
			buildActionMask = 2147483647;
			files = (
				58372AF442C17ADF42A1BB34 /* Pods_RESTaurant.framework in Frameworks */,
			);
			runOnlyForDeploymentPostprocessing = 0;
		};
/* End PBXFrameworksBuildPhase section */

/* Begin PBXGroup section */
		2CF0A75D877F32E5A0FE4EA3 /* Frameworks */ = {
			isa = PBXGroup;
			children = (
				3BC64BDFF38A0AC58EE999CC /* Pods_RESTaurant.framework */,
			);
			name = Frameworks;
			sourceTree = "<group>";
		};
		30146302265A76A800D572D9 /* Client */ = {
			isa = PBXGroup;
			children = (
				3014630B265A7FF400D572D9 /* OrderHistory */,
				3014630A265A7FDD00D572D9 /* CurrentOrder */,
				30146309265A7FD200D572D9 /* Profile */,
				30146303265A778B00D572D9 /* ClientTabBarController.swift */,
				30146307265A77B900D572D9 /* ClientWorkflow.storyboard */,
			);
			path = Client;
			sourceTree = "<group>";
		};
		30146309265A7FD200D572D9 /* Profile */ = {
			isa = PBXGroup;
			children = (
				3014630C265A802B00D572D9 /* ClientProfileViewController.swift */,
			);
			path = Profile;
			sourceTree = "<group>";
		};
		3014630A265A7FDD00D572D9 /* CurrentOrder */ = {
			isa = PBXGroup;
			children = (
				30146312265A96F900D572D9 /* CurrentOrderPositionCell */,
				3014630E265A85BD00D572D9 /* ClientCurrentOrderViewController.swift */,
				30146325265AD63000D572D9 /* ClientCurrentOrderModule.swift */,
				30146327265AD65500D572D9 /* ClientCurrentOrderPresenterDefault.swift */,
			);
			path = CurrentOrder;
			sourceTree = "<group>";
		};
		3014630B265A7FF400D572D9 /* OrderHistory */ = {
			isa = PBXGroup;
			children = (
				30146310265A85C700D572D9 /* ClientOrderHistoryViewController.swift */,
			);
			path = OrderHistory;
			sourceTree = "<group>";
		};
		30146312265A96F900D572D9 /* CurrentOrderPositionCell */ = {
			isa = PBXGroup;
			children = (
				30146313265A977100D572D9 /* CurrentOrderPositionTableViewCell.swift */,
				30146314265A977100D572D9 /* CurrentOrderPositionTableViewCell.xib */,
			);
			path = CurrentOrderPositionCell;
			sourceTree = "<group>";
		};
		30146329265B090900D572D9 /* Waiter */ = {
			isa = PBXGroup;
			children = (
				30146336265BB56900D572D9 /* Profile */,
				30146335265BB56200D572D9 /* FreeOrders */,
				30146334265BB55600D572D9 /* MyOrders */,
				3014632A265B091F00D572D9 /* WaiterWorkflow.storyboard */,
				30146330265B16F100D572D9 /* WaiterTabBarController.swift */,
			);
			path = Waiter;
			sourceTree = "<group>";
		};
		30146334265BB55600D572D9 /* MyOrders */ = {
			isa = PBXGroup;
			children = (
				30146351265C049600D572D9 /* OrderDetail */,
				3014634C265C02A300D572D9 /* MyOrdersTableViewCell */,
				3014633B265BB65D00D572D9 /* WaiterMyOrdersViewController.swift */,
				30146348265BFD3C00D572D9 /* WaiterMyOrdersModule.swift */,
				3014634A265BFD9000D572D9 /* WaiterMyOrdersPresenterDefault.swift */,
			);
			path = MyOrders;
			sourceTree = "<group>";
		};
		30146335265BB56200D572D9 /* FreeOrders */ = {
			isa = PBXGroup;
			children = (
				30146341265BF08700D572D9 /* FreeOrdersTableViewCell */,
				30146339265BB65500D572D9 /* WaiterFreeOrdersViewController.swift */,
				3014633D265BE90900D572D9 /* WaiterFreeOrdersModule.swift */,
				3014633F265BE91500D572D9 /* WaiterFreeOrdersPresenterDefault.swift */,
			);
			path = FreeOrders;
			sourceTree = "<group>";
		};
		30146336265BB56900D572D9 /* Profile */ = {
			isa = PBXGroup;
			children = (
				30146337265BB64A00D572D9 /* WaiterProfileViewController.swift */,
			);
			path = Profile;
			sourceTree = "<group>";
		};
		30146341265BF08700D572D9 /* FreeOrdersTableViewCell */ = {
			isa = PBXGroup;
			children = (
				30146342265BF09F00D572D9 /* FreeOrdersTableViewCell.swift */,
				30146343265BF09F00D572D9 /* FreeOrdersTableViewCell.xib */,
			);
			path = FreeOrdersTableViewCell;
			sourceTree = "<group>";
		};
		3014634C265C02A300D572D9 /* MyOrdersTableViewCell */ = {
			isa = PBXGroup;
			children = (
				3014634D265C02B700D572D9 /* MyOrdersTableViewCell.swift */,
				3014634E265C02B700D572D9 /* MyOrdersTableViewCell.xib */,
			);
			path = MyOrdersTableViewCell;
			sourceTree = "<group>";
		};
		30146351265C049600D572D9 /* OrderDetail */ = {
			isa = PBXGroup;
			children = (
				3014635F265C1B6C00D572D9 /* Menu */,
				30146358265C10F300D572D9 /* OrderDetailPositionTableViewCell */,
				30146352265C04B700D572D9 /* OrderDetailViewController.swift */,
				30146354265C0D8B00D572D9 /* OrderDetailModule.swift */,
				30146356265C0DF900D572D9 /* OrderDetailPresenterDefault.swift */,
			);
			path = OrderDetail;
			sourceTree = "<group>";
		};
		30146358265C10F300D572D9 /* OrderDetailPositionTableViewCell */ = {
			isa = PBXGroup;
			children = (
				30146359265C111700D572D9 /* OrderDetailPositionTableViewCell.swift */,
				3014635A265C111700D572D9 /* OrderDetailPositionTableViewCell.xib */,
			);
			path = OrderDetailPositionTableViewCell;
			sourceTree = "<group>";
		};
		3014635F265C1B6C00D572D9 /* Menu */ = {
			isa = PBXGroup;
			children = (
				30146367265C220300D572D9 /* MenuTableViewCell */,
				30146361265C1BA000D572D9 /* MenuViewController.swift */,
				30146363265C1BA900D572D9 /* MenuModule.swift */,
				30146365265C1D3700D572D9 /* MenuPresenterDefault.swift */,
			);
			path = Menu;
			sourceTree = "<group>";
		};
		30146367265C220300D572D9 /* MenuTableViewCell */ = {
			isa = PBXGroup;
			children = (
				30146368265C222100D572D9 /* MenuTableViewCell.swift */,
				30146369265C222100D572D9 /* MenuTableViewCell.xib */,
			);
			path = MenuTableViewCell;
			sourceTree = "<group>";
		};
		30146370265C3F8400D572D9 /* Cooker */ = {
			isa = PBXGroup;
			children = (
				30146378265C4B9E00D572D9 /* MyPositions */,
				30146377265C4B5F00D572D9 /* FreePositions */,
				30146375265C4B5300D572D9 /* Profile */,
				30146371265C4AF200D572D9 /* CookerWorkflow.storyboard */,
				30146373265C4B1A00D572D9 /* CookerTabBarController.swift */,
			);
			path = Cooker;
			sourceTree = "<group>";
		};
		30146375265C4B5300D572D9 /* Profile */ = {
			isa = PBXGroup;
			children = (
				30146379265C4BC900D572D9 /* CookerProfileViewController.swift */,
			);
			path = Profile;
			sourceTree = "<group>";
		};
		30146377265C4B5F00D572D9 /* FreePositions */ = {
			isa = PBXGroup;
			children = (
				30146387265C50F300D572D9 /* FreePositionsTableViewCell */,
				3014637B265C4BD500D572D9 /* CookerFreePositionsViewController.swift */,
				3014637F265C4F1E00D572D9 /* CookerFreePositionsModule.swift */,
				30146381265C4FAB00D572D9 /* CookerFreePositionsPresenterDefault.swift */,
			);
			path = FreePositions;
			sourceTree = "<group>";
		};
		30146378265C4B9E00D572D9 /* MyPositions */ = {
			isa = PBXGroup;
			children = (
				3014638C265C5D5000D572D9 /* MyPositionsTableViewCell */,
				3014637D265C4BDF00D572D9 /* CookerMyPositionsViewController.swift */,
				30146388265C5A3900D572D9 /* CookerMyPositionsModule.swift */,
				3014638A265C5AAE00D572D9 /* CookerMyPositionsPresenterDefault.swift */,
			);
			path = MyPositions;
			sourceTree = "<group>";
		};
		30146387265C50F300D572D9 /* FreePositionsTableViewCell */ = {
			isa = PBXGroup;
			children = (
				30146384265C50EA00D572D9 /* FreePositionsTableViewCell.xib */,
				30146383265C50EA00D572D9 /* FreePositionsTableViewCell.swift */,
			);
			path = FreePositionsTableViewCell;
			sourceTree = "<group>";
		};
		3014638C265C5D5000D572D9 /* MyPositionsTableViewCell */ = {
			isa = PBXGroup;
			children = (
				3014638D265C5D6300D572D9 /* MyPositionsTableViewCell.swift */,
				3014638E265C5D6300D572D9 /* MyPositionsTableViewCell.xib */,
			);
			path = MyPositionsTableViewCell;
			sourceTree = "<group>";
		};
		304F1E9425E1B5C800A86F04 = {
			isa = PBXGroup;
			children = (
				304F1E9F25E1B5C800A86F04 /* RESTaurant */,
				304F1E9E25E1B5C800A86F04 /* Products */,
				4EEB08D9FAAF578FFA1FB033 /* Pods */,
				2CF0A75D877F32E5A0FE4EA3 /* Frameworks */,
			);
			sourceTree = "<group>";
		};
		304F1E9E25E1B5C800A86F04 /* Products */ = {
			isa = PBXGroup;
			children = (
				304F1E9D25E1B5C800A86F04 /* RESTaurant.app */,
			);
			name = Products;
			sourceTree = "<group>";
		};
		304F1E9F25E1B5C800A86F04 /* RESTaurant */ = {
			isa = PBXGroup;
			children = (
				3080106126496E8E00373E33 /* NetworkModels */,
				3080105E2649652200373E33 /* NetworkTargets */,
				30F8D7AF26489D1B0072F908 /* Helpers */,
				30F8D7AE26488FD80072F908 /* Extensions */,
				30F8D7A8264887360072F908 /* Modules */,
				30F8D795264880410072F908 /* Fonts */,
				304F1EA025E1B5C800A86F04 /* AppDelegate.swift */,
				304F1EA225E1B5C800A86F04 /* SceneDelegate.swift */,
				304F1EA425E1B5C800A86F04 /* MainMenuViewController.swift */,
				304F1EA625E1B5C800A86F04 /* Main.storyboard */,
				304F1EA925E1B5CC00A86F04 /* Assets.xcassets */,
				304F1EAB25E1B5CC00A86F04 /* LaunchScreen.storyboard */,
				304F1EAE25E1B5CC00A86F04 /* Info.plist */,
				30F8D7AA264888E40072F908 /* Colors.xcassets */,
			);
			path = RESTaurant;
			sourceTree = "<group>";
		};
		3080105E2649652200373E33 /* NetworkTargets */ = {
			isa = PBXGroup;
			children = (
				3080105F2649653500373E33 /* AuthorizationTarget.swift */,
				3014631B265AC03500D572D9 /* TableTarget.swift */,
				30146323265AD5A900D572D9 /* OrderTarget.swift */,
				3014632C265B124B00D572D9 /* EmployeeTarget.swift */,
				3014635D265C149200D572D9 /* PositionTarget.swift */,
				3014636C265C29ED00D572D9 /* MenuTarget.swift */,
				3014636E265C2AAB00D572D9 /* DishTarget.swift */,
			);
			path = NetworkTargets;
			sourceTree = "<group>";
		};
		3080106126496E8E00373E33 /* NetworkModels */ = {
			isa = PBXGroup;
			children = (
				3080106226496EA700373E33 /* AuthorizationResponse.swift */,
				30146321265AD34700D572D9 /* OrderResponse.swift */,
			);
			path = NetworkModels;
			sourceTree = "<group>";
		};
		30F8D795264880410072F908 /* Fonts */ = {
			isa = PBXGroup;
			children = (
				30F8D79A264880540072F908 /* RedHatDisplay-Black.ttf */,
				30F8D79B264880550072F908 /* RedHatDisplay-BlackItalic.ttf */,
				30F8D799264880540072F908 /* RedHatDisplay-Bold.ttf */,
				30F8D797264880540072F908 /* RedHatDisplay-BoldItalic.ttf */,
				30F8D79D264880550072F908 /* RedHatDisplay-Italic.ttf */,
				30F8D796264880540072F908 /* RedHatDisplay-Medium.ttf */,
				30F8D798264880540072F908 /* RedHatDisplay-MediumItalic.ttf */,
				30F8D79C264880550072F908 /* RedHatDisplay-Regular.ttf */,
			);
			path = Fonts;
			sourceTree = "<group>";
		};
		30F8D7A8264887360072F908 /* Modules */ = {
			isa = PBXGroup;
			children = (
				30146370265C3F8400D572D9 /* Cooker */,
				30146329265B090900D572D9 /* Waiter */,
				30146302265A76A800D572D9 /* Client */,
				30F8D7B226489E3D0072F908 /* QRCodeScanner */,
				30F8D7A92648873C0072F908 /* Authorization */,
			);
			path = Modules;
			sourceTree = "<group>";
		};
		30F8D7A92648873C0072F908 /* Authorization */ = {
			isa = PBXGroup;
			children = (
				30F8D7A6264887250072F908 /* AuthorizationViewController.swift */,
				3080105A26495FAF00373E33 /* AuthorizationModule.swift */,
				3080105C26495FEB00373E33 /* AuthorizationPresenterDefault.swift */,
			);
			path = Authorization;
			sourceTree = "<group>";
		};
		30F8D7AE26488FD80072F908 /* Extensions */ = {
			isa = PBXGroup;
			children = (
				30F8D7AC26488A580072F908 /* UIViewController+Extensions.swift */,
				3080105826495A3800373E33 /* UIApplication+Extensions.swift */,
				30146317265A9E0C00D572D9 /* UITableView+Extensions.swift */,
				30146319265A9E2400D572D9 /* UITableViewCell+Extensions.swift */,
				3014632E265B169300D572D9 /* UITabBarController+Extensions.swift */,
			);
			path = Extensions;
			sourceTree = "<group>";
		};
		30F8D7AF26489D1B0072F908 /* Helpers */ = {
			isa = PBXGroup;
			children = (
				30F8D7B026489D250072F908 /* GlobalConstants.swift */,
				308010542649531300373E33 /* QRScannerView.swift */,
				30801056264955C500373E33 /* QRData.swift */,
				308010642649744700373E33 /* BaseViewController.swift */,
				30146332265B17F100D572D9 /* UserDefaultsHelper.swift */,
				30146346265BF32100D572D9 /* DateFormatterHelper.swift */,
			);
			path = Helpers;
			sourceTree = "<group>";
		};
		30F8D7B226489E3D0072F908 /* QRCodeScanner */ = {
			isa = PBXGroup;
			children = (
				30F8D7B326489E4F0072F908 /* QRCodeScannerViewController.swift */,
				3014631D265AC0B400D572D9 /* QRCodeScannerPresenter.swift */,
				3014631F265AC0C800D572D9 /* QRCodeScannerModule.swift */,
			);
			path = QRCodeScanner;
			sourceTree = "<group>";
		};
		4EEB08D9FAAF578FFA1FB033 /* Pods */ = {
			isa = PBXGroup;
			children = (
				581F35B0E9FF3085B4A2EF54 /* Pods-RESTaurant.debug.xcconfig */,
				D6B148ECC6C18E6FE8625E2F /* Pods-RESTaurant.release.xcconfig */,
			);
			path = Pods;
			sourceTree = "<group>";
		};
/* End PBXGroup section */

/* Begin PBXNativeTarget section */
		304F1E9C25E1B5C800A86F04 /* RESTaurant */ = {
			isa = PBXNativeTarget;
			buildConfigurationList = 304F1EB125E1B5CC00A86F04 /* Build configuration list for PBXNativeTarget "RESTaurant" */;
			buildPhases = (
				593FDBF02C06463B8225303E /* [CP] Check Pods Manifest.lock */,
				304F1E9925E1B5C800A86F04 /* Sources */,
				304F1E9A25E1B5C800A86F04 /* Frameworks */,
				304F1E9B25E1B5C800A86F04 /* Resources */,
				9C76A7811B5D41263249D78C /* [CP] Embed Pods Frameworks */,
			);
			buildRules = (
			);
			dependencies = (
			);
			name = RESTaurant;
			productName = RESTaurant;
			productReference = 304F1E9D25E1B5C800A86F04 /* RESTaurant.app */;
			productType = "com.apple.product-type.application";
		};
/* End PBXNativeTarget section */

/* Begin PBXProject section */
		304F1E9525E1B5C800A86F04 /* Project object */ = {
			isa = PBXProject;
			attributes = {
				LastSwiftUpdateCheck = 1230;
				LastUpgradeCheck = 1230;
				TargetAttributes = {
					304F1E9C25E1B5C800A86F04 = {
						CreatedOnToolsVersion = 12.3;
					};
				};
			};
			buildConfigurationList = 304F1E9825E1B5C800A86F04 /* Build configuration list for PBXProject "RESTaurant" */;
			compatibilityVersion = "Xcode 9.3";
			developmentRegion = en;
			hasScannedForEncodings = 0;
			knownRegions = (
				en,
				Base,
			);
			mainGroup = 304F1E9425E1B5C800A86F04;
			productRefGroup = 304F1E9E25E1B5C800A86F04 /* Products */;
			projectDirPath = "";
			projectRoot = "";
			targets = (
				304F1E9C25E1B5C800A86F04 /* RESTaurant */,
			);
		};
/* End PBXProject section */

/* Begin PBXResourcesBuildPhase section */
		304F1E9B25E1B5C800A86F04 /* Resources */ = {
			isa = PBXResourcesBuildPhase;
			buildActionMask = 2147483647;
			files = (
				30146345265BF09F00D572D9 /* FreeOrdersTableViewCell.xib in Resources */,
				30F8D79E264880550072F908 /* RedHatDisplay-Medium.ttf in Resources */,
				30146372265C4AF200D572D9 /* CookerWorkflow.storyboard in Resources */,
				30146308265A77B900D572D9 /* ClientWorkflow.storyboard in Resources */,
				30146350265C02B700D572D9 /* MyOrdersTableViewCell.xib in Resources */,
				304F1EAD25E1B5CC00A86F04 /* LaunchScreen.storyboard in Resources */,
				30F8D7A4264880550072F908 /* RedHatDisplay-Regular.ttf in Resources */,
				30F8D7A0264880550072F908 /* RedHatDisplay-MediumItalic.ttf in Resources */,
				30F8D7A2264880550072F908 /* RedHatDisplay-Black.ttf in Resources */,
				30F8D79F264880550072F908 /* RedHatDisplay-BoldItalic.ttf in Resources */,
				30146386265C50EA00D572D9 /* FreePositionsTableViewCell.xib in Resources */,
				304F1EAA25E1B5CC00A86F04 /* Assets.xcassets in Resources */,
				3014635C265C111700D572D9 /* OrderDetailPositionTableViewCell.xib in Resources */,
				304F1EA825E1B5C800A86F04 /* Main.storyboard in Resources */,
				30F8D7A5264880550072F908 /* RedHatDisplay-Italic.ttf in Resources */,
				3014636B265C222100D572D9 /* MenuTableViewCell.xib in Resources */,
				30F8D7AB264888E40072F908 /* Colors.xcassets in Resources */,
				30F8D7A1264880550072F908 /* RedHatDisplay-Bold.ttf in Resources */,
				30146390265C5D6300D572D9 /* MyPositionsTableViewCell.xib in Resources */,
				30F8D7A3264880550072F908 /* RedHatDisplay-BlackItalic.ttf in Resources */,
				3014632B265B091F00D572D9 /* WaiterWorkflow.storyboard in Resources */,
				30146316265A977100D572D9 /* CurrentOrderPositionTableViewCell.xib in Resources */,
			);
			runOnlyForDeploymentPostprocessing = 0;
		};
/* End PBXResourcesBuildPhase section */

/* Begin PBXShellScriptBuildPhase section */
		593FDBF02C06463B8225303E /* [CP] Check Pods Manifest.lock */ = {
			isa = PBXShellScriptBuildPhase;
			buildActionMask = 2147483647;
			files = (
			);
			inputFileListPaths = (
			);
			inputPaths = (
				"${PODS_PODFILE_DIR_PATH}/Podfile.lock",
				"${PODS_ROOT}/Manifest.lock",
			);
			name = "[CP] Check Pods Manifest.lock";
			outputFileListPaths = (
			);
			outputPaths = (
				"$(DERIVED_FILE_DIR)/Pods-RESTaurant-checkManifestLockResult.txt",
			);
			runOnlyForDeploymentPostprocessing = 0;
			shellPath = /bin/sh;
			shellScript = "diff \"${PODS_PODFILE_DIR_PATH}/Podfile.lock\" \"${PODS_ROOT}/Manifest.lock\" > /dev/null\nif [ $? != 0 ] ; then\n    # print error to STDERR\n    echo \"error: The sandbox is not in sync with the Podfile.lock. Run 'pod install' or update your CocoaPods installation.\" >&2\n    exit 1\nfi\n# This output is used by Xcode 'outputs' to avoid re-running this script phase.\necho \"SUCCESS\" > \"${SCRIPT_OUTPUT_FILE_0}\"\n";
			showEnvVarsInLog = 0;
		};
		9C76A7811B5D41263249D78C /* [CP] Embed Pods Frameworks */ = {
			isa = PBXShellScriptBuildPhase;
			buildActionMask = 2147483647;
			files = (
			);
			inputFileListPaths = (
				"${PODS_ROOT}/Target Support Files/Pods-RESTaurant/Pods-RESTaurant-frameworks-${CONFIGURATION}-input-files.xcfilelist",
			);
			name = "[CP] Embed Pods Frameworks";
			outputFileListPaths = (
				"${PODS_ROOT}/Target Support Files/Pods-RESTaurant/Pods-RESTaurant-frameworks-${CONFIGURATION}-output-files.xcfilelist",
			);
			runOnlyForDeploymentPostprocessing = 0;
			shellPath = /bin/sh;
			shellScript = "\"${PODS_ROOT}/Target Support Files/Pods-RESTaurant/Pods-RESTaurant-frameworks.sh\"\n";
			showEnvVarsInLog = 0;
		};
/* End PBXShellScriptBuildPhase section */

/* Begin PBXSourcesBuildPhase section */
		304F1E9925E1B5C800A86F04 /* Sources */ = {
			isa = PBXSourcesBuildPhase;
			buildActionMask = 2147483647;
			files = (
				3014630F265A85BD00D572D9 /* ClientCurrentOrderViewController.swift in Sources */,
				3014633A265BB65500D572D9 /* WaiterFreeOrdersViewController.swift in Sources */,
				30146364265C1BA900D572D9 /* MenuModule.swift in Sources */,
				30146374265C4B1A00D572D9 /* CookerTabBarController.swift in Sources */,
				30146315265A977100D572D9 /* CurrentOrderPositionTableViewCell.swift in Sources */,
				30146362265C1BA000D572D9 /* MenuViewController.swift in Sources */,
				30146340265BE91500D572D9 /* WaiterFreeOrdersPresenterDefault.swift in Sources */,
				30146353265C04B700D572D9 /* OrderDetailViewController.swift in Sources */,
				30146320265AC0C800D572D9 /* QRCodeScannerModule.swift in Sources */,
				3080105926495A3800373E33 /* UIApplication+Extensions.swift in Sources */,
				3014638F265C5D6300D572D9 /* MyPositionsTableViewCell.swift in Sources */,
				30146347265BF32100D572D9 /* DateFormatterHelper.swift in Sources */,
				3014630D265A802B00D572D9 /* ClientProfileViewController.swift in Sources */,
				30F8D7A7264887250072F908 /* AuthorizationViewController.swift in Sources */,
				3014632D265B124B00D572D9 /* EmployeeTarget.swift in Sources */,
				30146344265BF09F00D572D9 /* FreeOrdersTableViewCell.swift in Sources */,
				30146324265AD5A900D572D9 /* OrderTarget.swift in Sources */,
				30146338265BB64A00D572D9 /* WaiterProfileViewController.swift in Sources */,
				30801057264955C500373E33 /* QRData.swift in Sources */,
				30146322265AD34700D572D9 /* OrderResponse.swift in Sources */,
				30146389265C5A3900D572D9 /* CookerMyPositionsModule.swift in Sources */,
				30146326265AD63000D572D9 /* ClientCurrentOrderModule.swift in Sources */,
				30146380265C4F1E00D572D9 /* CookerFreePositionsModule.swift in Sources */,
				3080105B26495FAF00373E33 /* AuthorizationModule.swift in Sources */,
				3014638B265C5AAE00D572D9 /* CookerMyPositionsPresenterDefault.swift in Sources */,
				3014637A265C4BC900D572D9 /* CookerProfileViewController.swift in Sources */,
				30146385265C50EA00D572D9 /* FreePositionsTableViewCell.swift in Sources */,
				30146355265C0D8B00D572D9 /* OrderDetailModule.swift in Sources */,
				304F1EA525E1B5C800A86F04 /* MainMenuViewController.swift in Sources */,
				3014636A265C222100D572D9 /* MenuTableViewCell.swift in Sources */,
				3014633E265BE90900D572D9 /* WaiterFreeOrdersModule.swift in Sources */,
				308010652649744700373E33 /* BaseViewController.swift in Sources */,
				3014635B265C111700D572D9 /* OrderDetailPositionTableViewCell.swift in Sources */,
				30F8D7AD26488A580072F908 /* UIViewController+Extensions.swift in Sources */,
				30146311265A85C700D572D9 /* ClientOrderHistoryViewController.swift in Sources */,
				30F8D7B426489E4F0072F908 /* QRCodeScannerViewController.swift in Sources */,
				30146366265C1D3700D572D9 /* MenuPresenterDefault.swift in Sources */,
				3014634B265BFD9000D572D9 /* WaiterMyOrdersPresenterDefault.swift in Sources */,
				3014632F265B169300D572D9 /* UITabBarController+Extensions.swift in Sources */,
				30146333265B17F100D572D9 /* UserDefaultsHelper.swift in Sources */,
				304F1EA125E1B5C800A86F04 /* AppDelegate.swift in Sources */,
				3014637C265C4BD500D572D9 /* CookerFreePositionsViewController.swift in Sources */,
				30146331265B16F100D572D9 /* WaiterTabBarController.swift in Sources */,
				30146357265C0DF900D572D9 /* OrderDetailPresenterDefault.swift in Sources */,
				3080105D26495FEB00373E33 /* AuthorizationPresenterDefault.swift in Sources */,
				3014634F265C02B700D572D9 /* MyOrdersTableViewCell.swift in Sources */,
				30146305265A778B00D572D9 /* ClientTabBarController.swift in Sources */,
				3014633C265BB65D00D572D9 /* WaiterMyOrdersViewController.swift in Sources */,
				30146318265A9E0C00D572D9 /* UITableView+Extensions.swift in Sources */,
				304F1EA325E1B5C800A86F04 /* SceneDelegate.swift in Sources */,
				30146328265AD65500D572D9 /* ClientCurrentOrderPresenterDefault.swift in Sources */,
				3014637E265C4BDF00D572D9 /* CookerMyPositionsViewController.swift in Sources */,
				308010602649653500373E33 /* AuthorizationTarget.swift in Sources */,
				3014631A265A9E2400D572D9 /* UITableViewCell+Extensions.swift in Sources */,
				30146382265C4FAB00D572D9 /* CookerFreePositionsPresenterDefault.swift in Sources */,
				3014636D265C29ED00D572D9 /* MenuTarget.swift in Sources */,
				3014631C265AC03500D572D9 /* TableTarget.swift in Sources */,
				308010552649531300373E33 /* QRScannerView.swift in Sources */,
				3014636F265C2AAB00D572D9 /* DishTarget.swift in Sources */,
				3014635E265C149200D572D9 /* PositionTarget.swift in Sources */,
				3080106326496EA700373E33 /* AuthorizationResponse.swift in Sources */,
				30F8D7B126489D250072F908 /* GlobalConstants.swift in Sources */,
				30146349265BFD3C00D572D9 /* WaiterMyOrdersModule.swift in Sources */,
				3014631E265AC0B400D572D9 /* QRCodeScannerPresenter.swift in Sources */,
			);
			runOnlyForDeploymentPostprocessing = 0;
		};
/* End PBXSourcesBuildPhase section */

/* Begin PBXVariantGroup section */
		304F1EA625E1B5C800A86F04 /* Main.storyboard */ = {
			isa = PBXVariantGroup;
			children = (
				304F1EA725E1B5C800A86F04 /* Base */,
			);
			name = Main.storyboard;
			sourceTree = "<group>";
		};
		304F1EAB25E1B5CC00A86F04 /* LaunchScreen.storyboard */ = {
			isa = PBXVariantGroup;
			children = (
				304F1EAC25E1B5CC00A86F04 /* Base */,
			);
			name = LaunchScreen.storyboard;
			sourceTree = "<group>";
		};
/* End PBXVariantGroup section */

/* Begin XCBuildConfiguration section */
		304F1EAF25E1B5CC00A86F04 /* Debug */ = {
			isa = XCBuildConfiguration;
			buildSettings = {
				ALWAYS_SEARCH_USER_PATHS = NO;
				CLANG_ANALYZER_NONNULL = YES;
				CLANG_ANALYZER_NUMBER_OBJECT_CONVERSION = YES_AGGRESSIVE;
				CLANG_CXX_LANGUAGE_STANDARD = "gnu++14";
				CLANG_CXX_LIBRARY = "libc++";
				CLANG_ENABLE_MODULES = YES;
				CLANG_ENABLE_OBJC_ARC = YES;
				CLANG_ENABLE_OBJC_WEAK = YES;
				CLANG_WARN_BLOCK_CAPTURE_AUTORELEASING = YES;
				CLANG_WARN_BOOL_CONVERSION = YES;
				CLANG_WARN_COMMA = YES;
				CLANG_WARN_CONSTANT_CONVERSION = YES;
				CLANG_WARN_DEPRECATED_OBJC_IMPLEMENTATIONS = YES;
				CLANG_WARN_DIRECT_OBJC_ISA_USAGE = YES_ERROR;
				CLANG_WARN_DOCUMENTATION_COMMENTS = YES;
				CLANG_WARN_EMPTY_BODY = YES;
				CLANG_WARN_ENUM_CONVERSION = YES;
				CLANG_WARN_INFINITE_RECURSION = YES;
				CLANG_WARN_INT_CONVERSION = YES;
				CLANG_WARN_NON_LITERAL_NULL_CONVERSION = YES;
				CLANG_WARN_OBJC_IMPLICIT_RETAIN_SELF = YES;
				CLANG_WARN_OBJC_LITERAL_CONVERSION = YES;
				CLANG_WARN_OBJC_ROOT_CLASS = YES_ERROR;
				CLANG_WARN_QUOTED_INCLUDE_IN_FRAMEWORK_HEADER = YES;
				CLANG_WARN_RANGE_LOOP_ANALYSIS = YES;
				CLANG_WARN_STRICT_PROTOTYPES = YES;
				CLANG_WARN_SUSPICIOUS_MOVE = YES;
				CLANG_WARN_UNGUARDED_AVAILABILITY = YES_AGGRESSIVE;
				CLANG_WARN_UNREACHABLE_CODE = YES;
				CLANG_WARN__DUPLICATE_METHOD_MATCH = YES;
				COPY_PHASE_STRIP = NO;
				DEBUG_INFORMATION_FORMAT = dwarf;
				ENABLE_STRICT_OBJC_MSGSEND = YES;
				ENABLE_TESTABILITY = YES;
				GCC_C_LANGUAGE_STANDARD = gnu11;
				GCC_DYNAMIC_NO_PIC = NO;
				GCC_NO_COMMON_BLOCKS = YES;
				GCC_OPTIMIZATION_LEVEL = 0;
				GCC_PREPROCESSOR_DEFINITIONS = (
					"DEBUG=1",
					"$(inherited)",
				);
				GCC_WARN_64_TO_32_BIT_CONVERSION = YES;
				GCC_WARN_ABOUT_RETURN_TYPE = YES_ERROR;
				GCC_WARN_UNDECLARED_SELECTOR = YES;
				GCC_WARN_UNINITIALIZED_AUTOS = YES_AGGRESSIVE;
				GCC_WARN_UNUSED_FUNCTION = YES;
				GCC_WARN_UNUSED_VARIABLE = YES;
				IPHONEOS_DEPLOYMENT_TARGET = 14.3;
				MTL_ENABLE_DEBUG_INFO = INCLUDE_SOURCE;
				MTL_FAST_MATH = YES;
				ONLY_ACTIVE_ARCH = YES;
				SDKROOT = iphoneos;
				SWIFT_ACTIVE_COMPILATION_CONDITIONS = DEBUG;
				SWIFT_OPTIMIZATION_LEVEL = "-Onone";
			};
			name = Debug;
		};
		304F1EB025E1B5CC00A86F04 /* Release */ = {
			isa = XCBuildConfiguration;
			buildSettings = {
				ALWAYS_SEARCH_USER_PATHS = NO;
				CLANG_ANALYZER_NONNULL = YES;
				CLANG_ANALYZER_NUMBER_OBJECT_CONVERSION = YES_AGGRESSIVE;
				CLANG_CXX_LANGUAGE_STANDARD = "gnu++14";
				CLANG_CXX_LIBRARY = "libc++";
				CLANG_ENABLE_MODULES = YES;
				CLANG_ENABLE_OBJC_ARC = YES;
				CLANG_ENABLE_OBJC_WEAK = YES;
				CLANG_WARN_BLOCK_CAPTURE_AUTORELEASING = YES;
				CLANG_WARN_BOOL_CONVERSION = YES;
				CLANG_WARN_COMMA = YES;
				CLANG_WARN_CONSTANT_CONVERSION = YES;
				CLANG_WARN_DEPRECATED_OBJC_IMPLEMENTATIONS = YES;
				CLANG_WARN_DIRECT_OBJC_ISA_USAGE = YES_ERROR;
				CLANG_WARN_DOCUMENTATION_COMMENTS = YES;
				CLANG_WARN_EMPTY_BODY = YES;
				CLANG_WARN_ENUM_CONVERSION = YES;
				CLANG_WARN_INFINITE_RECURSION = YES;
				CLANG_WARN_INT_CONVERSION = YES;
				CLANG_WARN_NON_LITERAL_NULL_CONVERSION = YES;
				CLANG_WARN_OBJC_IMPLICIT_RETAIN_SELF = YES;
				CLANG_WARN_OBJC_LITERAL_CONVERSION = YES;
				CLANG_WARN_OBJC_ROOT_CLASS = YES_ERROR;
				CLANG_WARN_QUOTED_INCLUDE_IN_FRAMEWORK_HEADER = YES;
				CLANG_WARN_RANGE_LOOP_ANALYSIS = YES;
				CLANG_WARN_STRICT_PROTOTYPES = YES;
				CLANG_WARN_SUSPICIOUS_MOVE = YES;
				CLANG_WARN_UNGUARDED_AVAILABILITY = YES_AGGRESSIVE;
				CLANG_WARN_UNREACHABLE_CODE = YES;
				CLANG_WARN__DUPLICATE_METHOD_MATCH = YES;
				COPY_PHASE_STRIP = NO;
				DEBUG_INFORMATION_FORMAT = "dwarf-with-dsym";
				ENABLE_NS_ASSERTIONS = NO;
				ENABLE_STRICT_OBJC_MSGSEND = YES;
				GCC_C_LANGUAGE_STANDARD = gnu11;
				GCC_NO_COMMON_BLOCKS = YES;
				GCC_WARN_64_TO_32_BIT_CONVERSION = YES;
				GCC_WARN_ABOUT_RETURN_TYPE = YES_ERROR;
				GCC_WARN_UNDECLARED_SELECTOR = YES;
				GCC_WARN_UNINITIALIZED_AUTOS = YES_AGGRESSIVE;
				GCC_WARN_UNUSED_FUNCTION = YES;
				GCC_WARN_UNUSED_VARIABLE = YES;
				IPHONEOS_DEPLOYMENT_TARGET = 14.3;
				MTL_ENABLE_DEBUG_INFO = NO;
				MTL_FAST_MATH = YES;
				SDKROOT = iphoneos;
				SWIFT_COMPILATION_MODE = wholemodule;
				SWIFT_OPTIMIZATION_LEVEL = "-O";
				VALIDATE_PRODUCT = YES;
			};
			name = Release;
		};
		304F1EB225E1B5CC00A86F04 /* Debug */ = {
			isa = XCBuildConfiguration;
			baseConfigurationReference = 581F35B0E9FF3085B4A2EF54 /* Pods-RESTaurant.debug.xcconfig */;
			buildSettings = {
				ASSETCATALOG_COMPILER_APPICON_NAME = AppIcon;
				ASSETCATALOG_COMPILER_GLOBAL_ACCENT_COLOR_NAME = AccentColor;
				CODE_SIGN_STYLE = Automatic;
				DEVELOPMENT_TEAM = S437A2DXPB;
				INFOPLIST_FILE = RESTaurant/Info.plist;
				LD_RUNPATH_SEARCH_PATHS = (
					"$(inherited)",
					"@executable_path/Frameworks",
				);
				PRODUCT_BUNDLE_IDENTIFIER = com.evgkzn.RESTaurant;
				PRODUCT_NAME = "$(TARGET_NAME)";
				SWIFT_VERSION = 5.0;
				TARGETED_DEVICE_FAMILY = "1,2";
			};
			name = Debug;
		};
		304F1EB325E1B5CC00A86F04 /* Release */ = {
			isa = XCBuildConfiguration;
			baseConfigurationReference = D6B148ECC6C18E6FE8625E2F /* Pods-RESTaurant.release.xcconfig */;
			buildSettings = {
				ASSETCATALOG_COMPILER_APPICON_NAME = AppIcon;
				ASSETCATALOG_COMPILER_GLOBAL_ACCENT_COLOR_NAME = AccentColor;
				CODE_SIGN_STYLE = Automatic;
				DEVELOPMENT_TEAM = S437A2DXPB;
				INFOPLIST_FILE = RESTaurant/Info.plist;
				LD_RUNPATH_SEARCH_PATHS = (
					"$(inherited)",
					"@executable_path/Frameworks",
				);
				PRODUCT_BUNDLE_IDENTIFIER = com.evgkzn.RESTaurant;
				PRODUCT_NAME = "$(TARGET_NAME)";
				SWIFT_VERSION = 5.0;
				TARGETED_DEVICE_FAMILY = "1,2";
			};
			name = Release;
		};
/* End XCBuildConfiguration section */

/* Begin XCConfigurationList section */
		304F1E9825E1B5C800A86F04 /* Build configuration list for PBXProject "RESTaurant" */ = {
			isa = XCConfigurationList;
			buildConfigurations = (
				304F1EAF25E1B5CC00A86F04 /* Debug */,
				304F1EB025E1B5CC00A86F04 /* Release */,
			);
			defaultConfigurationIsVisible = 0;
			defaultConfigurationName = Release;
		};
		304F1EB125E1B5CC00A86F04 /* Build configuration list for PBXNativeTarget "RESTaurant" */ = {
			isa = XCConfigurationList;
			buildConfigurations = (
				304F1EB225E1B5CC00A86F04 /* Debug */,
				304F1EB325E1B5CC00A86F04 /* Release */,
			);
			defaultConfigurationIsVisible = 0;
			defaultConfigurationName = Release;
		};
/* End XCConfigurationList section */
	};
	rootObject = 304F1E9525E1B5C800A86F04 /* Project object */;
}
